
Microsoft Visual Studio Solution File, Format Version 12.00
# Visual Studio Version 16
VisualStudioVersion = 16.0.29728.190
MinimumVisualStudioVersion = 10.0.40219.1
Project("{9A19103F-16F7-4668-BE54-9A1E7A4F7556}") = "FilmScanner", "FilmScanner\FilmScanner.csproj", "{F41FC3D0-AECE-4DC2-8CC5-54BCB2B3048A}"
EndProject
Project("{9A19103F-16F7-4668-BE54-9A1E7A4F7556}") = "OmdbServicesLibs", "OmdbLibs\OmdbServicesLibs.csproj", "{559F6ED5-88C1-45DF-A4D6-74E986C02B64}"
EndProject
Project("{9A19103F-16F7-4668-BE54-9A1E7A4F7556}") = "FilmScannerApiTests", "FilmScannerApiTests\FilmScannerApiTests.csproj", "{92AAC10C-F4AB-4D42-8386-7FFE723ED636}"
EndProject
Project("{FAE04EC0-301F-11D3-BF4B-00C04F79EFBC}") = "OmdbServicesLibsTests", "OmdbServicesLibsTests\OmdbServicesLibsTests.csproj", "{34A0C2E4-A8CE-420C-84F6-E8E64DC581B7}"
EndProject
Global
	GlobalSection(SolutionConfigurationPlatforms) = preSolution
		Debug|Any CPU = Debug|Any CPU
		Release|Any CPU = Release|Any CPU
	EndGlobalSection
	GlobalSection(ProjectConfigurationPlatforms) = postSolution
		{F41FC3D0-AECE-4DC2-8CC5-54BCB2B3048A}.Debug|Any CPU.ActiveCfg = Debug|Any CPU
		{F41FC3D0-AECE-4DC2-8CC5-54BCB2B3048A}.Debug|Any CPU.Build.0 = Debug|Any CPU
		{F41FC3D0-AECE-4DC2-8CC5-54BCB2B3048A}.Release|Any CPU.ActiveCfg = Release|Any CPU
		{F41FC3D0-AECE-4DC2-8CC5-54BCB2B3048A}.Release|Any CPU.Build.0 = Release|Any CPU
		{559F6ED5-88C1-45DF-A4D6-74E986C02B64}.Debug|Any CPU.ActiveCfg = Debug|Any CPU
		{559F6ED5-88C1-45DF-A4D6-74E986C02B64}.Debug|Any CPU.Build.0 = Debug|Any CPU
		{559F6ED5-88C1-45DF-A4D6-74E986C02B64}.Release|Any CPU.ActiveCfg = Release|Any CPU
		{559F6ED5-88C1-45DF-A4D6-74E986C02B64}.Release|Any CPU.Build.0 = Release|Any CPU
		{92AAC10C-F4AB-4D42-8386-7FFE723ED636}.Debug|Any CPU.ActiveCfg = Debug|Any CPU
		{92AAC10C-F4AB-4D42-8386-7FFE723ED636}.Debug|Any CPU.Build.0 = Debug|Any CPU
		{92AAC10C-F4AB-4D42-8386-7FFE723ED636}.Release|Any CPU.ActiveCfg = Release|Any CPU
		{92AAC10C-F4AB-4D42-8386-7FFE723ED636}.Release|Any CPU.Build.0 = Release|Any CPU
		{34A0C2E4-A8CE-420C-84F6-E8E64DC581B7}.Debug|Any CPU.ActiveCfg = Debug|Any CPU
		{34A0C2E4-A8CE-420C-84F6-E8E64DC581B7}.Debug|Any CPU.Build.0 = Debug|Any CPU
		{34A0C2E4-A8CE-420C-84F6-E8E64DC581B7}.Release|Any CPU.ActiveCfg = Release|Any CPU
		{34A0C2E4-A8CE-420C-84F6-E8E64DC581B7}.Release|Any CPU.Build.0 = Release|Any CPU
	EndGlobalSection
	GlobalSection(SolutionProperties) = preSolution
		HideSolutionNode = FALSE
	EndGlobalSection
	GlobalSection(ExtensibilityGlobals) = postSolution
		SolutionGuid = {B9728100-A9D3-4174-9FC2-D5CB2DE65FE0}
	EndGlobalSection
EndGlobal
