
Microsoft Visual Studio Solution File, Format Version 12.00
# Visual Studio Version 17
VisualStudioVersion = 17.0.32002.185
MinimumVisualStudioVersion = 10.0.40219.1
Project("{9A19103F-16F7-4668-BE54-9A1E7A4F7556}") = "FilmScanner", "FilmScanner\FilmScanner.csproj", "{F41FC3D0-AECE-4DC2-8CC5-54BCB2B3048A}"
EndProject
Project("{9A19103F-16F7-4668-BE54-9A1E7A4F7556}") = "OmdbServicesLibs", "OmdbLibs\OmdbServicesLibs.csproj", "{559F6ED5-88C1-45DF-A4D6-74E986C02B64}"
EndProject
Project("{9A19103F-16F7-4668-BE54-9A1E7A4F7556}") = "OmdbServicesLibs.Tests", "OmdbServicesLibsTests\OmdbServicesLibs.Tests.csproj", "{34A0C2E4-A8CE-420C-84F6-E8E64DC581B7}"
EndProject
Project("{9A19103F-16F7-4668-BE54-9A1E7A4F7556}") = "FilmScanner.Contracts", "FilmScanner.Contracts\FilmScanner.Contracts.csproj", "{A4E7EC51-CFB5-4086-8238-D98D724016F8}"
EndProject
Project("{9A19103F-16F7-4668-BE54-9A1E7A4F7556}") = "FilmScanner.Entities", "FilmScanner.Entities\FilmScanner.Entities.csproj", "{A44EA9AB-73B2-45D4-99CB-24E30A485F3C}"
EndProject
Project("{9A19103F-16F7-4668-BE54-9A1E7A4F7556}") = "FilmScanner.Repository", "FilmScanner.Repository\FilmScanner.Repository.csproj", "{56A9B262-906D-42E0-B127-3735DD430C34}"
EndProject
Project("{9A19103F-16F7-4668-BE54-9A1E7A4F7556}") = "FilmScanner.Tests", "FilmScanner.Tests\FilmScanner.Tests.csproj", "{9609863C-F33A-449E-A575-C73BC01407B0}"
EndProject
Project("{54A90642-561A-4BB1-A94E-469ADEE60C69}") = "Client", "Client\Client.esproj", "{DF836A28-136B-4BE1-AD58-C89FF06A1F62}"
EndProject
Global
	GlobalSection(SolutionConfigurationPlatforms) = preSolution
		Debug|Any CPU = Debug|Any CPU
		Release|Any CPU = Release|Any CPU
	EndGlobalSection
	GlobalSection(ProjectConfigurationPlatforms) = postSolution
		{F41FC3D0-AECE-4DC2-8CC5-54BCB2B3048A}.Debug|Any CPU.ActiveCfg = Debug|Any CPU
		{F41FC3D0-AECE-4DC2-8CC5-54BCB2B3048A}.Debug|Any CPU.Build.0 = Debug|Any CPU
		{F41FC3D0-AECE-4DC2-8CC5-54BCB2B3048A}.Release|Any CPU.ActiveCfg = Release|Any CPU
		{F41FC3D0-AECE-4DC2-8CC5-54BCB2B3048A}.Release|Any CPU.Build.0 = Release|Any CPU
		{559F6ED5-88C1-45DF-A4D6-74E986C02B64}.Debug|Any CPU.ActiveCfg = Debug|Any CPU
		{559F6ED5-88C1-45DF-A4D6-74E986C02B64}.Debug|Any CPU.Build.0 = Debug|Any CPU
		{559F6ED5-88C1-45DF-A4D6-74E986C02B64}.Release|Any CPU.ActiveCfg = Release|Any CPU
		{559F6ED5-88C1-45DF-A4D6-74E986C02B64}.Release|Any CPU.Build.0 = Release|Any CPU
		{34A0C2E4-A8CE-420C-84F6-E8E64DC581B7}.Debug|Any CPU.ActiveCfg = Debug|Any CPU
		{34A0C2E4-A8CE-420C-84F6-E8E64DC581B7}.Debug|Any CPU.Build.0 = Debug|Any CPU
		{34A0C2E4-A8CE-420C-84F6-E8E64DC581B7}.Release|Any CPU.ActiveCfg = Release|Any CPU
		{34A0C2E4-A8CE-420C-84F6-E8E64DC581B7}.Release|Any CPU.Build.0 = Release|Any CPU
		{A4E7EC51-CFB5-4086-8238-D98D724016F8}.Debug|Any CPU.ActiveCfg = Debug|Any CPU
		{A4E7EC51-CFB5-4086-8238-D98D724016F8}.Debug|Any CPU.Build.0 = Debug|Any CPU
		{A4E7EC51-CFB5-4086-8238-D98D724016F8}.Release|Any CPU.ActiveCfg = Release|Any CPU
		{A4E7EC51-CFB5-4086-8238-D98D724016F8}.Release|Any CPU.Build.0 = Release|Any CPU
		{A44EA9AB-73B2-45D4-99CB-24E30A485F3C}.Debug|Any CPU.ActiveCfg = Debug|Any CPU
		{A44EA9AB-73B2-45D4-99CB-24E30A485F3C}.Debug|Any CPU.Build.0 = Debug|Any CPU
		{A44EA9AB-73B2-45D4-99CB-24E30A485F3C}.Release|Any CPU.ActiveCfg = Release|Any CPU
		{A44EA9AB-73B2-45D4-99CB-24E30A485F3C}.Release|Any CPU.Build.0 = Release|Any CPU
		{56A9B262-906D-42E0-B127-3735DD430C34}.Debug|Any CPU.ActiveCfg = Debug|Any CPU
		{56A9B262-906D-42E0-B127-3735DD430C34}.Debug|Any CPU.Build.0 = Debug|Any CPU
		{56A9B262-906D-42E0-B127-3735DD430C34}.Release|Any CPU.ActiveCfg = Release|Any CPU
		{56A9B262-906D-42E0-B127-3735DD430C34}.Release|Any CPU.Build.0 = Release|Any CPU
		{9609863C-F33A-449E-A575-C73BC01407B0}.Debug|Any CPU.ActiveCfg = Debug|Any CPU
		{9609863C-F33A-449E-A575-C73BC01407B0}.Debug|Any CPU.Build.0 = Debug|Any CPU
		{9609863C-F33A-449E-A575-C73BC01407B0}.Release|Any CPU.ActiveCfg = Release|Any CPU
		{9609863C-F33A-449E-A575-C73BC01407B0}.Release|Any CPU.Build.0 = Release|Any CPU
		{DF836A28-136B-4BE1-AD58-C89FF06A1F62}.Debug|Any CPU.ActiveCfg = Debug|Any CPU
		{DF836A28-136B-4BE1-AD58-C89FF06A1F62}.Debug|Any CPU.Build.0 = Debug|Any CPU
		{DF836A28-136B-4BE1-AD58-C89FF06A1F62}.Debug|Any CPU.Deploy.0 = Debug|Any CPU
		{DF836A28-136B-4BE1-AD58-C89FF06A1F62}.Release|Any CPU.ActiveCfg = Release|Any CPU
		{DF836A28-136B-4BE1-AD58-C89FF06A1F62}.Release|Any CPU.Build.0 = Release|Any CPU
		{DF836A28-136B-4BE1-AD58-C89FF06A1F62}.Release|Any CPU.Deploy.0 = Release|Any CPU
	EndGlobalSection
	GlobalSection(SolutionProperties) = preSolution
		HideSolutionNode = FALSE
	EndGlobalSection
	GlobalSection(ExtensibilityGlobals) = postSolution
		SolutionGuid = {B9728100-A9D3-4174-9FC2-D5CB2DE65FE0}
	EndGlobalSection
EndGlobal
